
Microsoft Visual Studio Solution File, Format Version 12.00
# Visual Studio Version 16
VisualStudioVersion = 16.0.30907.101
MinimumVisualStudioVersion = 10.0.40219.1
Project("{9A19103F-16F7-4668-BE54-9A1E7A4F7556}") = "QuadraticEquation", "QuadraticEquation\QuadraticEquation.csproj", "{9E6E3A4B-C771-47A3-8B4E-2CB7ED972FC3}"
EndProject
Project("{FAE04EC0-301F-11D3-BF4B-00C04F79EFBC}") = "FibonacciIterator", "FibonacciIterator\FibonacciIterator.csproj", "{33793FD7-7E20-4E5F-9DEB-C4C63DE0BAB8}"
EndProject
Global
	GlobalSection(SolutionConfigurationPlatforms) = preSolution
		Debug|Any CPU = Debug|Any CPU
		Release|Any CPU = Release|Any CPU
	EndGlobalSection
	GlobalSection(ProjectConfigurationPlatforms) = postSolution
		{9E6E3A4B-C771-47A3-8B4E-2CB7ED972FC3}.Debug|Any CPU.ActiveCfg = Debug|Any CPU
		{9E6E3A4B-C771-47A3-8B4E-2CB7ED972FC3}.Debug|Any CPU.Build.0 = Debug|Any CPU
		{9E6E3A4B-C771-47A3-8B4E-2CB7ED972FC3}.Release|Any CPU.ActiveCfg = Release|Any CPU
		{9E6E3A4B-C771-47A3-8B4E-2CB7ED972FC3}.Release|Any CPU.Build.0 = Release|Any CPU
		{33793FD7-7E20-4E5F-9DEB-C4C63DE0BAB8}.Debug|Any CPU.ActiveCfg = Debug|Any CPU
		{33793FD7-7E20-4E5F-9DEB-C4C63DE0BAB8}.Debug|Any CPU.Build.0 = Debug|Any CPU
		{33793FD7-7E20-4E5F-9DEB-C4C63DE0BAB8}.Release|Any CPU.ActiveCfg = Release|Any CPU
		{33793FD7-7E20-4E5F-9DEB-C4C63DE0BAB8}.Release|Any CPU.Build.0 = Release|Any CPU
	EndGlobalSection
	GlobalSection(SolutionProperties) = preSolution
		HideSolutionNode = FALSE
	EndGlobalSection
	GlobalSection(ExtensibilityGlobals) = postSolution
		SolutionGuid = {1C274F81-720F-4B98-B74A-FFE7CDC20350}
	EndGlobalSection
EndGlobal
